
Microsoft Visual Studio Solution File, Format Version 12.00
# Visual Studio 15
VisualStudioVersion = 15.0.28010.2046
MinimumVisualStudioVersion = 10.0.40219.1
Project("{9A19103F-16F7-4668-BE54-9A1E7A4F7556}") = "PARK.APP.FIRST", "PARK.APP.FIRST\PARK.APP.FIRST.csproj", "{10961624-F7DF-4AB4-8FCE-2D37E4953C7D}"
EndProject
Global
	GlobalSection(SolutionConfigurationPlatforms) = preSolution
		Debug|Any CPU = Debug|Any CPU
		Release|Any CPU = Release|Any CPU
	EndGlobalSection
	GlobalSection(ProjectConfigurationPlatforms) = postSolution
		{10961624-F7DF-4AB4-8FCE-2D37E4953C7D}.Debug|Any CPU.ActiveCfg = Debug|Any CPU
		{10961624-F7DF-4AB4-8FCE-2D37E4953C7D}.Debug|Any CPU.Build.0 = Debug|Any CPU
		{10961624-F7DF-4AB4-8FCE-2D37E4953C7D}.Release|Any CPU.ActiveCfg = Release|Any CPU
		{10961624-F7DF-4AB4-8FCE-2D37E4953C7D}.Release|Any CPU.Build.0 = Release|Any CPU
	EndGlobalSection
	GlobalSection(SolutionProperties) = preSolution
		HideSolutionNode = FALSE
	EndGlobalSection
	GlobalSection(ExtensibilityGlobals) = postSolution
		SolutionGuid = {773F41FA-5274-4B5D-B768-43DD17687315}
	EndGlobalSection
EndGlobal
